// !$*UTF8*$!
{
	archiveVersion = 1;
	classes = {
	};
	objectVersion = 56;
	objects = {

/* Begin PBXBuildFile section */
		AE9187742FB0D6B300A79154 /* pobyApp.swift in Sources */ = {isa = PBXBuildFile; fileRef = AE9187732FB0D6B300A79154 /* pobyApp.swift */; };
		AE9187782FB0D6B500A79154 /* Assets.xcassets in Resources */ = {isa = PBXBuildFile; fileRef = AE9187772FB0D6B500A79154 /* Assets.xcassets */; };
		AE91877B2FB0D6B500A79154 /* Preview Assets.xcassets in Resources */ = {isa = PBXBuildFile; fileRef = AE91877A2FB0D6B500A79154 /* Preview Assets.xcassets */; };
		AE9187852FB0D6B500A79154 /* pobyTests.swift in Sources */ = {isa = PBXBuildFile; fileRef = AE9187842FB0D6B500A79154 /* pobyTests.swift */; };
		AE91878F2FB0D6B500A79154 /* pobyUITests.swift in Sources */ = {isa = PBXBuildFile; fileRef = AE91878E2FB0D6B500A79154 /* pobyUITests.swift */; };
		AE9187912FB0D6B500A79154 /* pobyUITestsLaunchTests.swift in Sources */ = {isa = PBXBuildFile; fileRef = AE9187902FB0D6B500A79154 /* pobyUITestsLaunchTests.swift */; };
		AED472262FB235CB00848A68 /* Pretendard-Bold.otf in Resources */ = {isa = PBXBuildFile; fileRef = AED4721F2FB235CA00848A68 /* Pretendard-Bold.otf */; };
		AED472272FB235CB00848A68 /* Pretendard-ExtraBold.otf in Resources */ = {isa = PBXBuildFile; fileRef = AED472202FB235CA00848A68 /* Pretendard-ExtraBold.otf */; };
		AED472282FB235CB00848A68 /* Pretendard-Medium.otf in Resources */ = {isa = PBXBuildFile; fileRef = AED472212FB235CA00848A68 /* Pretendard-Medium.otf */; };
		AED472292FB235CB00848A68 /* Pretendard-Regular.otf in Resources */ = {isa = PBXBuildFile; fileRef = AED472222FB235CA00848A68 /* Pretendard-Regular.otf */; };
		AED4722A2FB235CB00848A68 /* Pretendard-SemiBold.otf in Resources */ = {isa = PBXBuildFile; fileRef = AED472232FB235CA00848A68 /* Pretendard-SemiBold.otf */; };
		B0B1000000000000000000A1 /* AppRootView.swift in Sources */ = {isa = PBXBuildFile; fileRef = B0F1000000000000000000A1 /* AppRootView.swift */; };
		B0B1000000000000000000A2 /* AppRoute.swift in Sources */ = {isa = PBXBuildFile; fileRef = B0F1000000000000000000A2 /* AppRoute.swift */; };
		B0B1000000000000000000A3 /* AppDIContainer.swift in Sources */ = {isa = PBXBuildFile; fileRef = B0F1000000000000000000A3 /* AppDIContainer.swift */; };
		B0B1000000000000000000A4 /* CameraView.swift in Sources */ = {isa = PBXBuildFile; fileRef = B0F1000000000000000000A4 /* CameraView.swift */; };
		B0B1000000000000000000A5 /* CameraViewModel.swift in Sources */ = {isa = PBXBuildFile; fileRef = B0F1000000000000000000A5 /* CameraViewModel.swift */; };
		B0B1000000000000000000A6 /* CameraViewState.swift in Sources */ = {isa = PBXBuildFile; fileRef = B0F1000000000000000000A6 /* CameraViewState.swift */; };
		B0B1000000000000000000A7 /* MacCameraFallbackView.swift in Sources */ = {isa = PBXBuildFile; fileRef = B0F1000000000000000000A7 /* MacCameraFallbackView.swift */; };
		B0B1000000000000000000B01 /* AppColors.swift in Sources */ = {isa = PBXBuildFile; fileRef = B0F1000000000000000000B01 /* AppColors.swift */; };
		B0B1000000000000000000B02 /* AppTypography.swift in Sources */ = {isa = PBXBuildFile; fileRef = B0F1000000000000000000B02 /* AppTypography.swift */; };
		B0B1000000000000000000B03 /* AppSpacing.swift in Sources */ = {isa = PBXBuildFile; fileRef = B0F1000000000000000000B03 /* AppSpacing.swift */; };
		B0B1000000000000000000B04 /* AppRadius.swift in Sources */ = {isa = PBXBuildFile; fileRef = B0F1000000000000000000B04 /* AppRadius.swift */; };
		B0B1000000000000000000B05 /* AppShadow.swift in Sources */ = {isa = PBXBuildFile; fileRef = B0F1000000000000000000B05 /* AppShadow.swift */; };
		B0B1000000000000000000B06 /* AppMetrics.swift in Sources */ = {isa = PBXBuildFile; fileRef = B0F1000000000000000000B06 /* AppMetrics.swift */; };
		B0B1000000000000000000B07 /* CameraPreviewView.swift in Sources */ = {isa = PBXBuildFile; fileRef = B0F1000000000000000000B07 /* CameraPreviewView.swift */; };
		B0B1000000000000000000B08 /* ShutterButton.swift in Sources */ = {isa = PBXBuildFile; fileRef = B0F1000000000000000000B08 /* ShutterButton.swift */; };
		B0B1000000000000000000B09 /* CameraService.swift in Sources */ = {isa = PBXBuildFile; fileRef = B0F1000000000000000000B09 /* CameraService.swift */; };
		B0B1000000000000000000C01 /* GuideCaptureView.swift in Sources */ = {isa = PBXBuildFile; fileRef = B0F1000000000000000000C01 /* GuideCaptureView.swift */; };
		B0B1000000000000000000C02 /* GuideCaptureViewModel.swift in Sources */ = {isa = PBXBuildFile; fileRef = B0F1000000000000000000C02 /* GuideCaptureViewModel.swift */; };
		B0B1000000000000000000C03 /* GuideCaptureViewState.swift in Sources */ = {isa = PBXBuildFile; fileRef = B0F1000000000000000000C03 /* GuideCaptureViewState.swift */; };
		B0B1000000000000000000C04 /* GuideExtractionView.swift in Sources */ = {isa = PBXBuildFile; fileRef = B0F1000000000000000000C04 /* GuideExtractionView.swift */; };
		B0B1000000000000000000C05 /* GuideExtractionViewModel.swift in Sources */ = {isa = PBXBuildFile; fileRef = B0F1000000000000000000C05 /* GuideExtractionViewModel.swift */; };
		B0B1000000000000000000C06 /* GuideExtractionViewState.swift in Sources */ = {isa = PBXBuildFile; fileRef = B0F1000000000000000000C06 /* GuideExtractionViewState.swift */; };
		B0B1000000000000000000D01 /* Guide.swift in Sources */ = {isa = PBXBuildFile; fileRef = B0F1000000000000000000D01 /* Guide.swift */; };
		B0B1000000000000000000D02 /* GuideRepositoryProtocol.swift in Sources */ = {isa = PBXBuildFile; fileRef = B0F1000000000000000000D02 /* GuideRepositoryProtocol.swift */; };
		B0B1000000000000000000D03 /* FileGuideRepository.swift in Sources */ = {isa = PBXBuildFile; fileRef = B0F1000000000000000000D03 /* FileGuideRepository.swift */; };
		B0B1000000000000000000D04 /* VisionService.swift in Sources */ = {isa = PBXBuildFile; fileRef = B0F1000000000000000000D04 /* VisionService.swift */; };
		B0B1000000000000000000D05 /* SilhouetteOverlay.swift in Sources */ = {isa = PBXBuildFile; fileRef = B0F1000000000000000000D05 /* SilhouetteOverlay.swift */; };
		B0B1000000000000000000D06 /* AppSettings.swift in Sources */ = {isa = PBXBuildFile; fileRef = B0F1000000000000000000D06 /* AppSettings.swift */; };
		B0B1000000000000000000D07 /* UserDefaultsAppSettingsStore.swift in Sources */ = {isa = PBXBuildFile; fileRef = B0F1000000000000000000D07 /* UserDefaultsAppSettingsStore.swift */; };
		B0B1000000000000000000D08 /* AnalyticsService.swift in Sources */ = {isa = PBXBuildFile; fileRef = B0F1000000000000000000D08 /* AnalyticsService.swift */; };
		B0B1000000000000000000D09 /* AmplitudeAnalyticsService.swift in Sources */ = {isa = PBXBuildFile; fileRef = B0F1000000000000000000D09 /* AmplitudeAnalyticsService.swift */; };
		B0B1000000000000000000E02 /* GlassChip.swift in Sources */ = {isa = PBXBuildFile; fileRef = B0F1000000000000000000E02 /* GlassChip.swift */; };
		B0B1000000000000000000E03 /* GuideThumb.swift in Sources */ = {isa = PBXBuildFile; fileRef = B0F1000000000000000000E03 /* GuideThumb.swift */; };
		B0B1000000000000000000E04 /* PlusThumb.swift in Sources */ = {isa = PBXBuildFile; fileRef = B0F1000000000000000000E04 /* PlusThumb.swift */; };
		B0B1000000000000000000E05 /* GuideListStrip.swift in Sources */ = {isa = PBXBuildFile; fileRef = B0F1000000000000000000E05 /* GuideListStrip.swift */; };
		B0B1000000000000000000E06 /* TopChromeBar.swift in Sources */ = {isa = PBXBuildFile; fileRef = B0F1000000000000000000E06 /* TopChromeBar.swift */; };
		B0B1000000000000000000E07 /* BottomControlsBar.swift in Sources */ = {isa = PBXBuildFile; fileRef = B0F1000000000000000000E07 /* BottomControlsBar.swift */; };
		B0B1000000000000000000E08 /* ZoomControlStrip.swift in Sources */ = {isa = PBXBuildFile; fileRef = B0F1000000000000000000E08 /* ZoomControlStrip.swift */; };
		B0B1000000000000000000F01 /* OnboardingView.swift in Sources */ = {isa = PBXBuildFile; fileRef = B0F1000000000000000000F01 /* OnboardingView.swift */; };
		B0B1000000000000000000P01 /* AmplitudeSwift in Frameworks */ = {isa = PBXBuildFile; productRef = B0P1000000000000000000P02 /* AmplitudeSwift */; };
/* End PBXBuildFile section */

/* Begin PBXContainerItemProxy section */
		AE9187812FB0D6B500A79154 /* PBXContainerItemProxy */ = {
			isa = PBXContainerItemProxy;
			containerPortal = AE9187682FB0D6B300A79154 /* Project object */;
			proxyType = 1;
			remoteGlobalIDString = AE91876F2FB0D6B300A79154;
			remoteInfo = poby;
		};
		AE91878B2FB0D6B500A79154 /* PBXContainerItemProxy */ = {
			isa = PBXContainerItemProxy;
			containerPortal = AE9187682FB0D6B300A79154 /* Project object */;
			proxyType = 1;
			remoteGlobalIDString = AE91876F2FB0D6B300A79154;
			remoteInfo = poby;
		};
/* End PBXContainerItemProxy section */

/* Begin PBXFileReference section */
		AE9187702FB0D6B300A79154 /* poby.app */ = {isa = PBXFileReference; explicitFileType = wrapper.application; includeInIndex = 0; path = poby.app; sourceTree = BUILT_PRODUCTS_DIR; };
		AE9187732FB0D6B300A79154 /* pobyApp.swift */ = {isa = PBXFileReference; lastKnownFileType = sourcecode.swift; path = pobyApp.swift; sourceTree = "<group>"; };
		AE9187752FB0D6B300A79154 /* Info.plist */ = {isa = PBXFileReference; lastKnownFileType = text.plist.xml; path = Info.plist; sourceTree = "<group>"; };
		AE9187772FB0D6B500A79154 /* Assets.xcassets */ = {isa = PBXFileReference; lastKnownFileType = folder.assetcatalog; path = Assets.xcassets; sourceTree = "<group>"; };
		AE91877A2FB0D6B500A79154 /* Preview Assets.xcassets */ = {isa = PBXFileReference; lastKnownFileType = folder.assetcatalog; path = "Preview Assets.xcassets"; sourceTree = "<group>"; };
		AE9187802FB0D6B500A79154 /* pobyTests.xctest */ = {isa = PBXFileReference; explicitFileType = wrapper.cfbundle; includeInIndex = 0; path = pobyTests.xctest; sourceTree = BUILT_PRODUCTS_DIR; };
		AE9187842FB0D6B500A79154 /* pobyTests.swift */ = {isa = PBXFileReference; lastKnownFileType = sourcecode.swift; path = pobyTests.swift; sourceTree = "<group>"; };
		AE91878A2FB0D6B500A79154 /* pobyUITests.xctest */ = {isa = PBXFileReference; explicitFileType = wrapper.cfbundle; includeInIndex = 0; path = pobyUITests.xctest; sourceTree = BUILT_PRODUCTS_DIR; };
		AE91878E2FB0D6B500A79154 /* pobyUITests.swift */ = {isa = PBXFileReference; lastKnownFileType = sourcecode.swift; path = pobyUITests.swift; sourceTree = "<group>"; };
		AE9187902FB0D6B500A79154 /* pobyUITestsLaunchTests.swift */ = {isa = PBXFileReference; lastKnownFileType = sourcecode.swift; path = pobyUITestsLaunchTests.swift; sourceTree = "<group>"; };
		AED471FF2FB1AD7700848A68 /* features.md */ = {isa = PBXFileReference; lastKnownFileType = net.daringfireball.markdown; path = features.md; sourceTree = "<group>"; };
		AED472012FB1B0F600848A68 /* CLAUDE.md */ = {isa = PBXFileReference; lastKnownFileType = net.daringfireball.markdown; path = CLAUDE.md; sourceTree = "<group>"; };
		AED472022FB1B26D00848A68 /* plan.md */ = {isa = PBXFileReference; lastKnownFileType = net.daringfireball.markdown; path = plan.md; sourceTree = "<group>"; };
		AED472032FB1B64A00848A68 /* ui.md */ = {isa = PBXFileReference; lastKnownFileType = net.daringfireball.markdown; path = ui.md; sourceTree = "<group>"; };
		AED472042FB1D29A00848A68 /* components.md */ = {isa = PBXFileReference; lastKnownFileType = net.daringfireball.markdown; path = components.md; sourceTree = "<group>"; };
		AED472052FB1D29A00848A68 /* layouts.md */ = {isa = PBXFileReference; lastKnownFileType = net.daringfireball.markdown; path = layouts.md; sourceTree = "<group>"; };
		AED472062FB1D29A00848A68 /* screens.md */ = {isa = PBXFileReference; lastKnownFileType = net.daringfireball.markdown; path = screens.md; sourceTree = "<group>"; };
		AED4720A2FB2027600848A68 /* Poby Design System.html */ = {isa = PBXFileReference; fileEncoding = 4; lastKnownFileType = text.html; path = "Poby Design System.html"; sourceTree = "<group>"; };
		AED4720B2FB2027600848A68 /* design-canvas.jsx */ = {isa = PBXFileReference; fileEncoding = 4; lastKnownFileType = text; path = "design-canvas.jsx"; sourceTree = "<group>"; };
		AED4720E2FB2027600848A68 /* hifi-screens.jsx */ = {isa = PBXFileReference; fileEncoding = 4; lastKnownFileType = text; path = "hifi-screens.jsx"; sourceTree = "<group>"; };
		AED472192FB20FC700848A68 /* screen-3-guide-capture.html */ = {isa = PBXFileReference; lastKnownFileType = text.html; path = "screen-3-guide-capture.html"; sourceTree = "<group>"; };
		AED4721A2FB20FC700848A68 /* screen-4-gallery.html */ = {isa = PBXFileReference; lastKnownFileType = text.html; path = "screen-4-gallery.html"; sourceTree = "<group>"; };
		AED4721B2FB20FC700848A68 /* screen-2-extraction.html */ = {isa = PBXFileReference; lastKnownFileType = text.html; path = "screen-2-extraction.html"; sourceTree = "<group>"; };
		AED4721C2FB20FC700848A68 /* screen-1-camera.html */ = {isa = PBXFileReference; lastKnownFileType = text.html; path = "screen-1-camera.html"; sourceTree = "<group>"; };
		AED4721F2FB235CA00848A68 /* Pretendard-Bold.otf */ = {isa = PBXFileReference; lastKnownFileType = file; path = "Pretendard-Bold.otf"; sourceTree = "<group>"; };
		AED472202FB235CA00848A68 /* Pretendard-ExtraBold.otf */ = {isa = PBXFileReference; lastKnownFileType = file; path = "Pretendard-ExtraBold.otf"; sourceTree = "<group>"; };
		AED472212FB235CA00848A68 /* Pretendard-Medium.otf */ = {isa = PBXFileReference; lastKnownFileType = file; path = "Pretendard-Medium.otf"; sourceTree = "<group>"; };
		AED472222FB235CA00848A68 /* Pretendard-Regular.otf */ = {isa = PBXFileReference; lastKnownFileType = file; path = "Pretendard-Regular.otf"; sourceTree = "<group>"; };
		AED472232FB235CA00848A68 /* Pretendard-SemiBold.otf */ = {isa = PBXFileReference; lastKnownFileType = file; path = "Pretendard-SemiBold.otf"; sourceTree = "<group>"; };
		B0F1000000000000000000A1 /* AppRootView.swift */ = {isa = PBXFileReference; lastKnownFileType = sourcecode.swift; path = AppRootView.swift; sourceTree = "<group>"; };
		B0F1000000000000000000A2 /* AppRoute.swift */ = {isa = PBXFileReference; lastKnownFileType = sourcecode.swift; path = AppRoute.swift; sourceTree = "<group>"; };
		B0F1000000000000000000A3 /* AppDIContainer.swift */ = {isa = PBXFileReference; lastKnownFileType = sourcecode.swift; path = AppDIContainer.swift; sourceTree = "<group>"; };
		B0F1000000000000000000A4 /* CameraView.swift */ = {isa = PBXFileReference; lastKnownFileType = sourcecode.swift; path = CameraView.swift; sourceTree = "<group>"; };
		B0F1000000000000000000A5 /* CameraViewModel.swift */ = {isa = PBXFileReference; lastKnownFileType = sourcecode.swift; path = CameraViewModel.swift; sourceTree = "<group>"; };
		B0F1000000000000000000A6 /* CameraViewState.swift */ = {isa = PBXFileReference; lastKnownFileType = sourcecode.swift; path = CameraViewState.swift; sourceTree = "<group>"; };
		B0F1000000000000000000A7 /* MacCameraFallbackView.swift */ = {isa = PBXFileReference; lastKnownFileType = sourcecode.swift; path = MacCameraFallbackView.swift; sourceTree = "<group>"; };
		B0F1000000000000000000B01 /* AppColors.swift */ = {isa = PBXFileReference; lastKnownFileType = sourcecode.swift; path = AppColors.swift; sourceTree = "<group>"; };
		B0F1000000000000000000B02 /* AppTypography.swift */ = {isa = PBXFileReference; lastKnownFileType = sourcecode.swift; path = AppTypography.swift; sourceTree = "<group>"; };
		B0F1000000000000000000B03 /* AppSpacing.swift */ = {isa = PBXFileReference; lastKnownFileType = sourcecode.swift; path = AppSpacing.swift; sourceTree = "<group>"; };
		B0F1000000000000000000B04 /* AppRadius.swift */ = {isa = PBXFileReference; lastKnownFileType = sourcecode.swift; path = AppRadius.swift; sourceTree = "<group>"; };
		B0F1000000000000000000B05 /* AppShadow.swift */ = {isa = PBXFileReference; lastKnownFileType = sourcecode.swift; path = AppShadow.swift; sourceTree = "<group>"; };
		B0F1000000000000000000B06 /* AppMetrics.swift */ = {isa = PBXFileReference; lastKnownFileType = sourcecode.swift; path = AppMetrics.swift; sourceTree = "<group>"; };
		B0F1000000000000000000B07 /* CameraPreviewView.swift */ = {isa = PBXFileReference; lastKnownFileType = sourcecode.swift; path = CameraPreviewView.swift; sourceTree = "<group>"; };
		B0F1000000000000000000B08 /* ShutterButton.swift */ = {isa = PBXFileReference; lastKnownFileType = sourcecode.swift; path = ShutterButton.swift; sourceTree = "<group>"; };
		B0F1000000000000000000B09 /* CameraService.swift */ = {isa = PBXFileReference; lastKnownFileType = sourcecode.swift; path = CameraService.swift; sourceTree = "<group>"; };
		B0F1000000000000000000C01 /* GuideCaptureView.swift */ = {isa = PBXFileReference; lastKnownFileType = sourcecode.swift; path = GuideCaptureView.swift; sourceTree = "<group>"; };
		B0F1000000000000000000C02 /* GuideCaptureViewModel.swift */ = {isa = PBXFileReference; lastKnownFileType = sourcecode.swift; path = GuideCaptureViewModel.swift; sourceTree = "<group>"; };
		B0F1000000000000000000C03 /* GuideCaptureViewState.swift */ = {isa = PBXFileReference; lastKnownFileType = sourcecode.swift; path = GuideCaptureViewState.swift; sourceTree = "<group>"; };
		B0F1000000000000000000C04 /* GuideExtractionView.swift */ = {isa = PBXFileReference; lastKnownFileType = sourcecode.swift; path = GuideExtractionView.swift; sourceTree = "<group>"; };
		B0F1000000000000000000C05 /* GuideExtractionViewModel.swift */ = {isa = PBXFileReference; lastKnownFileType = sourcecode.swift; path = GuideExtractionViewModel.swift; sourceTree = "<group>"; };
		B0F1000000000000000000C06 /* GuideExtractionViewState.swift */ = {isa = PBXFileReference; lastKnownFileType = sourcecode.swift; path = GuideExtractionViewState.swift; sourceTree = "<group>"; };
		B0F1000000000000000000D01 /* Guide.swift */ = {isa = PBXFileReference; lastKnownFileType = sourcecode.swift; path = Guide.swift; sourceTree = "<group>"; };
		B0F1000000000000000000D02 /* GuideRepositoryProtocol.swift */ = {isa = PBXFileReference; lastKnownFileType = sourcecode.swift; path = GuideRepositoryProtocol.swift; sourceTree = "<group>"; };
		B0F1000000000000000000D03 /* FileGuideRepository.swift */ = {isa = PBXFileReference; lastKnownFileType = sourcecode.swift; path = FileGuideRepository.swift; sourceTree = "<group>"; };
		B0F1000000000000000000D04 /* VisionService.swift */ = {isa = PBXFileReference; lastKnownFileType = sourcecode.swift; path = VisionService.swift; sourceTree = "<group>"; };
		B0F1000000000000000000D05 /* SilhouetteOverlay.swift */ = {isa = PBXFileReference; lastKnownFileType = sourcecode.swift; path = SilhouetteOverlay.swift; sourceTree = "<group>"; };
		B0F1000000000000000000D06 /* AppSettings.swift */ = {isa = PBXFileReference; lastKnownFileType = sourcecode.swift; path = AppSettings.swift; sourceTree = "<group>"; };
		B0F1000000000000000000D07 /* UserDefaultsAppSettingsStore.swift */ = {isa = PBXFileReference; lastKnownFileType = sourcecode.swift; path = UserDefaultsAppSettingsStore.swift; sourceTree = "<group>"; };
		B0F1000000000000000000D08 /* AnalyticsService.swift */ = {isa = PBXFileReference; lastKnownFileType = sourcecode.swift; path = AnalyticsService.swift; sourceTree = "<group>"; };
		B0F1000000000000000000D09 /* AmplitudeAnalyticsService.swift */ = {isa = PBXFileReference; lastKnownFileType = sourcecode.swift; path = AmplitudeAnalyticsService.swift; sourceTree = "<group>"; };
		B0F1000000000000000000E02 /* GlassChip.swift */ = {isa = PBXFileReference; lastKnownFileType = sourcecode.swift; path = GlassChip.swift; sourceTree = "<group>"; };
		B0F1000000000000000000E03 /* GuideThumb.swift */ = {isa = PBXFileReference; lastKnownFileType = sourcecode.swift; path = GuideThumb.swift; sourceTree = "<group>"; };
		B0F1000000000000000000E04 /* PlusThumb.swift */ = {isa = PBXFileReference; lastKnownFileType = sourcecode.swift; path = PlusThumb.swift; sourceTree = "<group>"; };
		B0F1000000000000000000E05 /* GuideListStrip.swift */ = {isa = PBXFileReference; lastKnownFileType = sourcecode.swift; path = GuideListStrip.swift; sourceTree = "<group>"; };
		B0F1000000000000000000E06 /* TopChromeBar.swift */ = {isa = PBXFileReference; lastKnownFileType = sourcecode.swift; path = TopChromeBar.swift; sourceTree = "<group>"; };
		B0F1000000000000000000E07 /* BottomControlsBar.swift */ = {isa = PBXFileReference; lastKnownFileType = sourcecode.swift; path = BottomControlsBar.swift; sourceTree = "<group>"; };
		B0F1000000000000000000E08 /* ZoomControlStrip.swift */ = {isa = PBXFileReference; lastKnownFileType = sourcecode.swift; path = ZoomControlStrip.swift; sourceTree = "<group>"; };
		B0F1000000000000000000F01 /* OnboardingView.swift */ = {isa = PBXFileReference; lastKnownFileType = sourcecode.swift; path = OnboardingView.swift; sourceTree = "<group>"; };
		B0F1000000000000000000G01 /* Secrets.xcconfig */ = {isa = PBXFileReference; lastKnownFileType = text.xcconfig; path = Secrets.xcconfig; sourceTree = "<group>"; };
/* End PBXFileReference section */

/* Begin PBXFrameworksBuildPhase section */
		AE91876D2FB0D6B300A79154 /* Frameworks */ = {
			isa = PBXFrameworksBuildPhase;
			buildActionMask = 2147483647;
			files = (
				B0B1000000000000000000P01 /* AmplitudeSwift in Frameworks */,
			);
			runOnlyForDeploymentPostprocessing = 0;
		};
		AE91877D2FB0D6B500A79154 /* Frameworks */ = {
			isa = PBXFrameworksBuildPhase;
			buildActionMask = 2147483647;
			files = (
			);
			runOnlyForDeploymentPostprocessing = 0;
		};
		AE9187872FB0D6B500A79154 /* Frameworks */ = {
			isa = PBXFrameworksBuildPhase;
			buildActionMask = 2147483647;
			files = (
			);
			runOnlyForDeploymentPostprocessing = 0;
		};
/* End PBXFrameworksBuildPhase section */

/* Begin PBXGroup section */
		AE9187672FB0D6B300A79154 = {
			isa = PBXGroup;
			children = (
				B0C1000000000000000000G01 /* Config */,
				AED472252FB235CA00848A68 /* Resources */,
				AED472002FB1AF3100848A68 /* docs */,
				AE9187722FB0D6B300A79154 /* poby */,
				AE9187832FB0D6B500A79154 /* pobyTests */,
				AE91878D2FB0D6B500A79154 /* pobyUITests */,
				AE9187712FB0D6B300A79154 /* Products */,
			);
			sourceTree = "<group>";
		};
		AE9187712FB0D6B300A79154 /* Products */ = {
			isa = PBXGroup;
			children = (
				AE9187702FB0D6B300A79154 /* poby.app */,
				AE9187802FB0D6B500A79154 /* pobyTests.xctest */,
				AE91878A2FB0D6B500A79154 /* pobyUITests.xctest */,
			);
			name = Products;
			sourceTree = "<group>";
		};
		AE9187722FB0D6B300A79154 /* poby */ = {
			isa = PBXGroup;
			children = (
				B0C1000000000000000000A1 /* App */,
				B0C1000000000000000000B01 /* Core */,
				B0C1000000000000000000A2 /* Features */,
				AE9187752FB0D6B300A79154 /* Info.plist */,
				AE9187772FB0D6B500A79154 /* Assets.xcassets */,
				AE9187792FB0D6B500A79154 /* Preview Content */,
			);
			path = poby;
			sourceTree = "<group>";
		};
		AE9187792FB0D6B500A79154 /* Preview Content */ = {
			isa = PBXGroup;
			children = (
				AE91877A2FB0D6B500A79154 /* Preview Assets.xcassets */,
			);
			path = "Preview Content";
			sourceTree = "<group>";
		};
		AE9187832FB0D6B500A79154 /* pobyTests */ = {
			isa = PBXGroup;
			children = (
				AE9187842FB0D6B500A79154 /* pobyTests.swift */,
			);
			path = pobyTests;
			sourceTree = "<group>";
		};
		AE91878D2FB0D6B500A79154 /* pobyUITests */ = {
			isa = PBXGroup;
			children = (
				AE91878E2FB0D6B500A79154 /* pobyUITests.swift */,
				AE9187902FB0D6B500A79154 /* pobyUITestsLaunchTests.swift */,
			);
			path = pobyUITests;
			sourceTree = "<group>";
		};
		AED472002FB1AF3100848A68 /* docs */ = {
			isa = PBXGroup;
			children = (
				AED472072FB2025E00848A68 /* design */,
				AED472042FB1D29A00848A68 /* components.md */,
				AED472052FB1D29A00848A68 /* layouts.md */,
				AED472062FB1D29A00848A68 /* screens.md */,
				AED472022FB1B26D00848A68 /* plan.md */,
				AED471FF2FB1AD7700848A68 /* features.md */,
				AED472012FB1B0F600848A68 /* CLAUDE.md */,
				AED472032FB1B64A00848A68 /* ui.md */,
			);
			path = docs;
			sourceTree = "<group>";
		};
		AED472072FB2025E00848A68 /* design */ = {
			isa = PBXGroup;
			children = (
				AED4721C2FB20FC700848A68 /* screen-1-camera.html */,
				AED4721B2FB20FC700848A68 /* screen-2-extraction.html */,
				AED472192FB20FC700848A68 /* screen-3-guide-capture.html */,
				AED4721A2FB20FC700848A68 /* screen-4-gallery.html */,
				AED4720B2FB2027600848A68 /* design-canvas.jsx */,
				AED4720E2FB2027600848A68 /* hifi-screens.jsx */,
				AED4720A2FB2027600848A68 /* Poby Design System.html */,
			);
			path = design;
			sourceTree = "<group>";
		};
		AED472242FB235CA00848A68 /* Fonts */ = {
			isa = PBXGroup;
			children = (
				AED4721F2FB235CA00848A68 /* Pretendard-Bold.otf */,
				AED472202FB235CA00848A68 /* Pretendard-ExtraBold.otf */,
				AED472212FB235CA00848A68 /* Pretendard-Medium.otf */,
				AED472222FB235CA00848A68 /* Pretendard-Regular.otf */,
				AED472232FB235CA00848A68 /* Pretendard-SemiBold.otf */,
			);
			path = Fonts;
			sourceTree = "<group>";
		};
		AED472252FB235CA00848A68 /* Resources */ = {
			isa = PBXGroup;
			children = (
				AED472242FB235CA00848A68 /* Fonts */,
			);
			name = Resources;
			path = poby/Resources;
			sourceTree = "<group>";
		};
		B0C1000000000000000000A1 /* App */ = {
			isa = PBXGroup;
			children = (
				AE9187732FB0D6B300A79154 /* pobyApp.swift */,
				B0F1000000000000000000A1 /* AppRootView.swift */,
				B0F1000000000000000000A2 /* AppRoute.swift */,
				B0F1000000000000000000A3 /* AppDIContainer.swift */,
			);
			path = App;
			sourceTree = "<group>";
		};
		B0C1000000000000000000A2 /* Features */ = {
			isa = PBXGroup;
			children = (
				B0C1000000000000000000A3 /* Camera */,
				B0C1000000000000000000A8 /* GuideRegistration */,
				B0C1000000000000000000F01 /* Onboarding */,
			);
			path = Features;
			sourceTree = "<group>";
		};
		B0C1000000000000000000A3 /* Camera */ = {
			isa = PBXGroup;
			children = (
				B0C1000000000000000000A4 /* Presentation */,
			);
			path = Camera;
			sourceTree = "<group>";
		};
		B0C1000000000000000000A4 /* Presentation */ = {
			isa = PBXGroup;
			children = (
				B0C1000000000000000000A5 /* View */,
				B0C1000000000000000000A6 /* ViewModel */,
				B0C1000000000000000000A7 /* Model */,
				B0C1000000000000000000E01 /* Components */,
			);
			path = Presentation;
			sourceTree = "<group>";
		};
		B0C1000000000000000000A5 /* View */ = {
			isa = PBXGroup;
			children = (
				B0F1000000000000000000A4 /* CameraView.swift */,
				B0F1000000000000000000A7 /* MacCameraFallbackView.swift */,
			);
			path = View;
			sourceTree = "<group>";
		};
		B0C1000000000000000000A6 /* ViewModel */ = {
			isa = PBXGroup;
			children = (
				B0F1000000000000000000A5 /* CameraViewModel.swift */,
			);
			path = ViewModel;
			sourceTree = "<group>";
		};
		B0C1000000000000000000A7 /* Model */ = {
			isa = PBXGroup;
			children = (
				B0F1000000000000000000A6 /* CameraViewState.swift */,
			);
			path = Model;
			sourceTree = "<group>";
		};
		B0C1000000000000000000A8 /* GuideRegistration */ = {
			isa = PBXGroup;
			children = (
				B0C1000000000000000000A9 /* Presentation */,
			);
			path = GuideRegistration;
			sourceTree = "<group>";
		};
		B0C1000000000000000000A9 /* Presentation */ = {
			isa = PBXGroup;
			children = (
				B0C1000000000000000000AA /* View */,
				B0C1000000000000000000AB /* ViewModel */,
				B0C1000000000000000000AC /* Model */,
			);
			path = Presentation;
			sourceTree = "<group>";
		};
		B0C1000000000000000000AA /* View */ = {
			isa = PBXGroup;
			children = (
				B0F1000000000000000000C01 /* GuideCaptureView.swift */,
				B0F1000000000000000000C04 /* GuideExtractionView.swift */,
			);
			path = View;
			sourceTree = "<group>";
		};
		B0C1000000000000000000AB /* ViewModel */ = {
			isa = PBXGroup;
			children = (
				B0F1000000000000000000C02 /* GuideCaptureViewModel.swift */,
				B0F1000000000000000000C05 /* GuideExtractionViewModel.swift */,
			);
			path = ViewModel;
			sourceTree = "<group>";
		};
		B0C1000000000000000000AC /* Model */ = {
			isa = PBXGroup;
			children = (
				B0F1000000000000000000C03 /* GuideCaptureViewState.swift */,
				B0F1000000000000000000C06 /* GuideExtractionViewState.swift */,
			);
			path = Model;
			sourceTree = "<group>";
		};
		B0C1000000000000000000B01 /* Core */ = {
			isa = PBXGroup;
			children = (
				B0C1000000000000000000D01 /* Domain */,
				B0C1000000000000000000B05 /* Data */,
				B0C1000000000000000000B02 /* Presentation */,
			);
			path = Core;
			sourceTree = "<group>";
		};
		B0C1000000000000000000B02 /* Presentation */ = {
			isa = PBXGroup;
			children = (
				B0C1000000000000000000B03 /* DesignSystem */,
				B0C1000000000000000000B04 /* Components */,
			);
			path = Presentation;
			sourceTree = "<group>";
		};
		B0C1000000000000000000B03 /* DesignSystem */ = {
			isa = PBXGroup;
			children = (
				B0F1000000000000000000B01 /* AppColors.swift */,
				B0F1000000000000000000B02 /* AppTypography.swift */,
				B0F1000000000000000000B03 /* AppSpacing.swift */,
				B0F1000000000000000000B04 /* AppRadius.swift */,
				B0F1000000000000000000B05 /* AppShadow.swift */,
				B0F1000000000000000000B06 /* AppMetrics.swift */,
			);
			path = DesignSystem;
			sourceTree = "<group>";
		};
		B0C1000000000000000000B04 /* Components */ = {
			isa = PBXGroup;
			children = (
				B0F1000000000000000000B07 /* CameraPreviewView.swift */,
				B0F1000000000000000000B08 /* ShutterButton.swift */,
				B0F1000000000000000000D05 /* SilhouetteOverlay.swift */,
				B0F1000000000000000000E02 /* GlassChip.swift */,
				B0F1000000000000000000E07 /* BottomControlsBar.swift */,
			);
			path = Components;
			sourceTree = "<group>";
		};
		B0C1000000000000000000B05 /* Data */ = {
			isa = PBXGroup;
			children = (
				B0C1000000000000000000D04 /* Repositories */,
				B0C1000000000000000000B06 /* Services */,
			);
			path = Data;
			sourceTree = "<group>";
		};
		B0C1000000000000000000B06 /* Services */ = {
			isa = PBXGroup;
			children = (
				B0F1000000000000000000B09 /* CameraService.swift */,
				B0F1000000000000000000D04 /* VisionService.swift */,
				B0F1000000000000000000D08 /* AnalyticsService.swift */,
				B0F1000000000000000000D09 /* AmplitudeAnalyticsService.swift */,
			);
			path = Services;
			sourceTree = "<group>";
		};
		B0C1000000000000000000D01 /* Domain */ = {
			isa = PBXGroup;
			children = (
				B0C1000000000000000000D02 /* Entities */,
				B0C1000000000000000000D03 /* Repositories */,
			);
			path = Domain;
			sourceTree = "<group>";
		};
		B0C1000000000000000000D02 /* Entities */ = {
			isa = PBXGroup;
			children = (
				B0F1000000000000000000D01 /* Guide.swift */,
				B0F1000000000000000000D06 /* AppSettings.swift */,
			);
			path = Entities;
			sourceTree = "<group>";
		};
		B0C1000000000000000000D03 /* Repositories */ = {
			isa = PBXGroup;
			children = (
				B0F1000000000000000000D02 /* GuideRepositoryProtocol.swift */,
			);
			path = Repositories;
			sourceTree = "<group>";
		};
		B0C1000000000000000000D04 /* Repositories */ = {
			isa = PBXGroup;
			children = (
				B0F1000000000000000000D03 /* FileGuideRepository.swift */,
				B0F1000000000000000000D07 /* UserDefaultsAppSettingsStore.swift */,
			);
			path = Repositories;
			sourceTree = "<group>";
		};
		B0C1000000000000000000E01 /* Components */ = {
			isa = PBXGroup;
			children = (
				B0F1000000000000000000E03 /* GuideThumb.swift */,
				B0F1000000000000000000E04 /* PlusThumb.swift */,
				B0F1000000000000000000E05 /* GuideListStrip.swift */,
				B0F1000000000000000000E06 /* TopChromeBar.swift */,
				B0F1000000000000000000E08 /* ZoomControlStrip.swift */,
			);
			path = Components;
			sourceTree = "<group>";
		};
		B0C1000000000000000000F01 /* Onboarding */ = {
			isa = PBXGroup;
			children = (
				B0C1000000000000000000F02 /* Presentation */,
			);
			path = Onboarding;
			sourceTree = "<group>";
		};
		B0C1000000000000000000F02 /* Presentation */ = {
			isa = PBXGroup;
			children = (
				B0C1000000000000000000F03 /* View */,
			);
			path = Presentation;
			sourceTree = "<group>";
		};
		B0C1000000000000000000F03 /* View */ = {
			isa = PBXGroup;
			children = (
				B0F1000000000000000000F01 /* OnboardingView.swift */,
			);
			path = View;
			sourceTree = "<group>";
		};
		B0C1000000000000000000G01 /* Config */ = {
			isa = PBXGroup;
			children = (
				B0F1000000000000000000G01 /* Secrets.xcconfig */,
			);
			path = Config;
			sourceTree = "<group>";
		};
/* End PBXGroup section */

/* Begin PBXNativeTarget section */
		AE91876F2FB0D6B300A79154 /* poby */ = {
			isa = PBXNativeTarget;
			buildConfigurationList = AE9187942FB0D6B500A79154 /* Build configuration list for PBXNativeTarget "poby" */;
			buildPhases = (
				AE91876C2FB0D6B300A79154 /* Sources */,
				AE91876D2FB0D6B300A79154 /* Frameworks */,
				AE91876E2FB0D6B300A79154 /* Resources */,
			);
			buildRules = (
			);
			dependencies = (
			);
			name = poby;
			packageProductDependencies = (
				B0P1000000000000000000P02 /* AmplitudeSwift */,
			);
			productName = poby;
			productReference = AE9187702FB0D6B300A79154 /* poby.app */;
			productType = "com.apple.product-type.application";
		};
		AE91877F2FB0D6B500A79154 /* pobyTests */ = {
			isa = PBXNativeTarget;
			buildConfigurationList = AE9187972FB0D6B500A79154 /* Build configuration list for PBXNativeTarget "pobyTests" */;
			buildPhases = (
				AE91877C2FB0D6B500A79154 /* Sources */,
				AE91877D2FB0D6B500A79154 /* Frameworks */,
				AE91877E2FB0D6B500A79154 /* Resources */,
			);
			buildRules = (
			);
			dependencies = (
				AE9187822FB0D6B500A79154 /* PBXTargetDependency */,
			);
			name = pobyTests;
			productName = pobyTests;
			productReference = AE9187802FB0D6B500A79154 /* pobyTests.xctest */;
			productType = "com.apple.product-type.bundle.unit-test";
		};
		AE9187892FB0D6B500A79154 /* pobyUITests */ = {
			isa = PBXNativeTarget;
			buildConfigurationList = AE91879A2FB0D6B500A79154 /* Build configuration list for PBXNativeTarget "pobyUITests" */;
			buildPhases = (
				AE9187862FB0D6B500A79154 /* Sources */,
				AE9187872FB0D6B500A79154 /* Frameworks */,
				AE9187882FB0D6B500A79154 /* Resources */,
			);
			buildRules = (
			);
			dependencies = (
				AE91878C2FB0D6B500A79154 /* PBXTargetDependency */,
			);
			name = pobyUITests;
			productName = pobyUITests;
			productReference = AE91878A2FB0D6B500A79154 /* pobyUITests.xctest */;
			productType = "com.apple.product-type.bundle.ui-testing";
		};
/* End PBXNativeTarget section */

/* Begin PBXProject section */
		AE9187682FB0D6B300A79154 /* Project object */ = {
			isa = PBXProject;
			attributes = {
				BuildIndependentTargetsInParallel = 1;
				LastSwiftUpdateCheck = 1530;
				LastUpgradeCheck = 1530;
				TargetAttributes = {
					AE91876F2FB0D6B300A79154 = {
						CreatedOnToolsVersion = 15.3;
					};
					AE91877F2FB0D6B500A79154 = {
						CreatedOnToolsVersion = 15.3;
						TestTargetID = AE91876F2FB0D6B300A79154;
					};
					AE9187892FB0D6B500A79154 = {
						CreatedOnToolsVersion = 15.3;
						TestTargetID = AE91876F2FB0D6B300A79154;
					};
				};
			};
			buildConfigurationList = AE91876B2FB0D6B300A79154 /* Build configuration list for PBXProject "poby" */;
			compatibilityVersion = "Xcode 14.0";
			developmentRegion = en;
			hasScannedForEncodings = 0;
			knownRegions = (
				en,
				Base,
			);
			mainGroup = AE9187672FB0D6B300A79154;
			packageReferences = (
				B0P1000000000000000000P01 /* XCRemoteSwiftPackageReference "Amplitude-Swift" */,
			);
			productRefGroup = AE9187712FB0D6B300A79154 /* Products */;
			projectDirPath = "";
			projectRoot = "";
			targets = (
				AE91876F2FB0D6B300A79154 /* poby */,
				AE91877F2FB0D6B500A79154 /* pobyTests */,
				AE9187892FB0D6B500A79154 /* pobyUITests */,
			);
		};
/* End PBXProject section */

/* Begin PBXResourcesBuildPhase section */
		AE91876E2FB0D6B300A79154 /* Resources */ = {
			isa = PBXResourcesBuildPhase;
			buildActionMask = 2147483647;
			files = (
				AE91877B2FB0D6B500A79154 /* Preview Assets.xcassets in Resources */,
				AED472292FB235CB00848A68 /* Pretendard-Regular.otf in Resources */,
				AED4722A2FB235CB00848A68 /* Pretendard-SemiBold.otf in Resources */,
				AED472282FB235CB00848A68 /* Pretendard-Medium.otf in Resources */,
				AED472262FB235CB00848A68 /* Pretendard-Bold.otf in Resources */,
				AED472272FB235CB00848A68 /* Pretendard-ExtraBold.otf in Resources */,
				AE9187782FB0D6B500A79154 /* Assets.xcassets in Resources */,
			);
			runOnlyForDeploymentPostprocessing = 0;
		};
		AE91877E2FB0D6B500A79154 /* Resources */ = {
			isa = PBXResourcesBuildPhase;
			buildActionMask = 2147483647;
			files = (
			);
			runOnlyForDeploymentPostprocessing = 0;
		};
		AE9187882FB0D6B500A79154 /* Resources */ = {
			isa = PBXResourcesBuildPhase;
			buildActionMask = 2147483647;
			files = (
			);
			runOnlyForDeploymentPostprocessing = 0;
		};
/* End PBXResourcesBuildPhase section */

/* Begin PBXSourcesBuildPhase section */
		AE91876C2FB0D6B300A79154 /* Sources */ = {
			isa = PBXSourcesBuildPhase;
			buildActionMask = 2147483647;
			files = (
				AE9187742FB0D6B300A79154 /* pobyApp.swift in Sources */,
				B0B1000000000000000000A1 /* AppRootView.swift in Sources */,
				B0B1000000000000000000A2 /* AppRoute.swift in Sources */,
				B0B1000000000000000000A3 /* AppDIContainer.swift in Sources */,
				B0B1000000000000000000A4 /* CameraView.swift in Sources */,
				B0B1000000000000000000A7 /* MacCameraFallbackView.swift in Sources */,
				B0B1000000000000000000A5 /* CameraViewModel.swift in Sources */,
				B0B1000000000000000000A6 /* CameraViewState.swift in Sources */,
				B0B1000000000000000000C01 /* GuideCaptureView.swift in Sources */,
				B0B1000000000000000000C02 /* GuideCaptureViewModel.swift in Sources */,
				B0B1000000000000000000C03 /* GuideCaptureViewState.swift in Sources */,
				B0B1000000000000000000C04 /* GuideExtractionView.swift in Sources */,
				B0B1000000000000000000C05 /* GuideExtractionViewModel.swift in Sources */,
				B0B1000000000000000000C06 /* GuideExtractionViewState.swift in Sources */,
				B0B1000000000000000000D01 /* Guide.swift in Sources */,
				B0B1000000000000000000D02 /* GuideRepositoryProtocol.swift in Sources */,
				B0B1000000000000000000D03 /* FileGuideRepository.swift in Sources */,
				B0B1000000000000000000D04 /* VisionService.swift in Sources */,
				B0B1000000000000000000D05 /* SilhouetteOverlay.swift in Sources */,
				B0B1000000000000000000D06 /* AppSettings.swift in Sources */,
				B0B1000000000000000000D07 /* UserDefaultsAppSettingsStore.swift in Sources */,
				B0B1000000000000000000D08 /* AnalyticsService.swift in Sources */,
				B0B1000000000000000000D09 /* AmplitudeAnalyticsService.swift in Sources */,
				B0B1000000000000000000E02 /* GlassChip.swift in Sources */,
				B0B1000000000000000000E03 /* GuideThumb.swift in Sources */,
				B0B1000000000000000000E04 /* PlusThumb.swift in Sources */,
				B0B1000000000000000000E05 /* GuideListStrip.swift in Sources */,
				B0B1000000000000000000E06 /* TopChromeBar.swift in Sources */,
				B0B1000000000000000000E07 /* BottomControlsBar.swift in Sources */,
				B0B1000000000000000000E08 /* ZoomControlStrip.swift in Sources */,
				B0B1000000000000000000F01 /* OnboardingView.swift in Sources */,
				B0B1000000000000000000B01 /* AppColors.swift in Sources */,
				B0B1000000000000000000B02 /* AppTypography.swift in Sources */,
				B0B1000000000000000000B03 /* AppSpacing.swift in Sources */,
				B0B1000000000000000000B04 /* AppRadius.swift in Sources */,
				B0B1000000000000000000B05 /* AppShadow.swift in Sources */,
				B0B1000000000000000000B06 /* AppMetrics.swift in Sources */,
				B0B1000000000000000000B07 /* CameraPreviewView.swift in Sources */,
				B0B1000000000000000000B08 /* ShutterButton.swift in Sources */,
				B0B1000000000000000000B09 /* CameraService.swift in Sources */,
			);
			runOnlyForDeploymentPostprocessing = 0;
		};
		AE91877C2FB0D6B500A79154 /* Sources */ = {
			isa = PBXSourcesBuildPhase;
			buildActionMask = 2147483647;
			files = (
				AE9187852FB0D6B500A79154 /* pobyTests.swift in Sources */,
			);
			runOnlyForDeploymentPostprocessing = 0;
		};
		AE9187862FB0D6B500A79154 /* Sources */ = {
			isa = PBXSourcesBuildPhase;
			buildActionMask = 2147483647;
			files = (
				AE9187912FB0D6B500A79154 /* pobyUITestsLaunchTests.swift in Sources */,
				AE91878F2FB0D6B500A79154 /* pobyUITests.swift in Sources */,
			);
			runOnlyForDeploymentPostprocessing = 0;
		};
/* End PBXSourcesBuildPhase section */

/* Begin PBXTargetDependency section */
		AE9187822FB0D6B500A79154 /* PBXTargetDependency */ = {
			isa = PBXTargetDependency;
			target = AE91876F2FB0D6B300A79154 /* poby */;
			targetProxy = AE9187812FB0D6B500A79154 /* PBXContainerItemProxy */;
		};
		AE91878C2FB0D6B500A79154 /* PBXTargetDependency */ = {
			isa = PBXTargetDependency;
			target = AE91876F2FB0D6B300A79154 /* poby */;
			targetProxy = AE91878B2FB0D6B500A79154 /* PBXContainerItemProxy */;
		};
/* End PBXTargetDependency section */

/* Begin XCBuildConfiguration section */
		AE9187922FB0D6B500A79154 /* Debug */ = {
			isa = XCBuildConfiguration;
			buildSettings = {
				ALWAYS_SEARCH_USER_PATHS = NO;
				ASSETCATALOG_COMPILER_GENERATE_SWIFT_ASSET_SYMBOL_EXTENSIONS = YES;
				CLANG_ANALYZER_NONNULL = YES;
				CLANG_ANALYZER_NUMBER_OBJECT_CONVERSION = YES_AGGRESSIVE;
				CLANG_CXX_LANGUAGE_STANDARD = "gnu++20";
				CLANG_ENABLE_MODULES = YES;
				CLANG_ENABLE_OBJC_ARC = YES;
				CLANG_ENABLE_OBJC_WEAK = YES;
				CLANG_WARN_BLOCK_CAPTURE_AUTORELEASING = YES;
				CLANG_WARN_BOOL_CONVERSION = YES;
				CLANG_WARN_COMMA = YES;
				CLANG_WARN_CONSTANT_CONVERSION = YES;
				CLANG_WARN_DEPRECATED_OBJC_IMPLEMENTATIONS = YES;
				CLANG_WARN_DIRECT_OBJC_ISA_USAGE = YES_ERROR;
				CLANG_WARN_DOCUMENTATION_COMMENTS = YES;
				CLANG_WARN_EMPTY_BODY = YES;
				CLANG_WARN_ENUM_CONVERSION = YES;
				CLANG_WARN_INFINITE_RECURSION = YES;
				CLANG_WARN_INT_CONVERSION = YES;
				CLANG_WARN_NON_LITERAL_NULL_CONVERSION = YES;
				CLANG_WARN_OBJC_IMPLICIT_RETAIN_SELF = YES;
				CLANG_WARN_OBJC_LITERAL_CONVERSION = YES;
				CLANG_WARN_OBJC_ROOT_CLASS = YES_ERROR;
				CLANG_WARN_QUOTED_INCLUDE_IN_FRAMEWORK_HEADER = YES;
				CLANG_WARN_RANGE_LOOP_ANALYSIS = YES;
				CLANG_WARN_STRICT_PROTOTYPES = YES;
				CLANG_WARN_SUSPICIOUS_MOVE = YES;
				CLANG_WARN_UNGUARDED_AVAILABILITY = YES_AGGRESSIVE;
				CLANG_WARN_UNREACHABLE_CODE = YES;
				CLANG_WARN__DUPLICATE_METHOD_MATCH = YES;
				COPY_PHASE_STRIP = NO;
				DEBUG_INFORMATION_FORMAT = dwarf;
				ENABLE_STRICT_OBJC_MSGSEND = YES;
				ENABLE_TESTABILITY = YES;
				ENABLE_USER_SCRIPT_SANDBOXING = YES;
				GCC_C_LANGUAGE_STANDARD = gnu17;
				GCC_DYNAMIC_NO_PIC = NO;
				GCC_NO_COMMON_BLOCKS = YES;
				GCC_OPTIMIZATION_LEVEL = 0;
				GCC_PREPROCESSOR_DEFINITIONS = (
					"DEBUG=1",
					"$(inherited)",
				);
				GCC_WARN_64_TO_32_BIT_CONVERSION = YES;
				GCC_WARN_ABOUT_RETURN_TYPE = YES_ERROR;
				GCC_WARN_UNDECLARED_SELECTOR = YES;
				GCC_WARN_UNINITIALIZED_AUTOS = YES_AGGRESSIVE;
				GCC_WARN_UNUSED_FUNCTION = YES;
				GCC_WARN_UNUSED_VARIABLE = YES;
				IPHONEOS_DEPLOYMENT_TARGET = 17.4;
				LOCALIZATION_PREFERS_STRING_CATALOGS = YES;
				MTL_ENABLE_DEBUG_INFO = INCLUDE_SOURCE;
				MTL_FAST_MATH = YES;
				ONLY_ACTIVE_ARCH = YES;
				SDKROOT = iphoneos;
				SWIFT_ACTIVE_COMPILATION_CONDITIONS = "DEBUG $(inherited)";
				SWIFT_OPTIMIZATION_LEVEL = "-Onone";
			};
			name = Debug;
		};
		AE9187932FB0D6B500A79154 /* Release */ = {
			isa = XCBuildConfiguration;
			buildSettings = {
				ALWAYS_SEARCH_USER_PATHS = NO;
				ASSETCATALOG_COMPILER_GENERATE_SWIFT_ASSET_SYMBOL_EXTENSIONS = YES;
				CLANG_ANALYZER_NONNULL = YES;
				CLANG_ANALYZER_NUMBER_OBJECT_CONVERSION = YES_AGGRESSIVE;
				CLANG_CXX_LANGUAGE_STANDARD = "gnu++20";
				CLANG_ENABLE_MODULES = YES;
				CLANG_ENABLE_OBJC_ARC = YES;
				CLANG_ENABLE_OBJC_WEAK = YES;
				CLANG_WARN_BLOCK_CAPTURE_AUTORELEASING = YES;
				CLANG_WARN_BOOL_CONVERSION = YES;
				CLANG_WARN_COMMA = YES;
				CLANG_WARN_CONSTANT_CONVERSION = YES;
				CLANG_WARN_DEPRECATED_OBJC_IMPLEMENTATIONS = YES;
				CLANG_WARN_DIRECT_OBJC_ISA_USAGE = YES_ERROR;
				CLANG_WARN_DOCUMENTATION_COMMENTS = YES;
				CLANG_WARN_EMPTY_BODY = YES;
				CLANG_WARN_ENUM_CONVERSION = YES;
				CLANG_WARN_INFINITE_RECURSION = YES;
				CLANG_WARN_INT_CONVERSION = YES;
				CLANG_WARN_NON_LITERAL_NULL_CONVERSION = YES;
				CLANG_WARN_OBJC_IMPLICIT_RETAIN_SELF = YES;
				CLANG_WARN_OBJC_LITERAL_CONVERSION = YES;
				CLANG_WARN_OBJC_ROOT_CLASS = YES_ERROR;
				CLANG_WARN_QUOTED_INCLUDE_IN_FRAMEWORK_HEADER = YES;
				CLANG_WARN_RANGE_LOOP_ANALYSIS = YES;
				CLANG_WARN_STRICT_PROTOTYPES = YES;
				CLANG_WARN_SUSPICIOUS_MOVE = YES;
				CLANG_WARN_UNGUARDED_AVAILABILITY = YES_AGGRESSIVE;
				CLANG_WARN_UNREACHABLE_CODE = YES;
				CLANG_WARN__DUPLICATE_METHOD_MATCH = YES;
				COPY_PHASE_STRIP = NO;
				DEBUG_INFORMATION_FORMAT = "dwarf-with-dsym";
				ENABLE_NS_ASSERTIONS = NO;
				ENABLE_STRICT_OBJC_MSGSEND = YES;
				ENABLE_USER_SCRIPT_SANDBOXING = YES;
				GCC_C_LANGUAGE_STANDARD = gnu17;
				GCC_NO_COMMON_BLOCKS = YES;
				GCC_WARN_64_TO_32_BIT_CONVERSION = YES;
				GCC_WARN_ABOUT_RETURN_TYPE = YES_ERROR;
				GCC_WARN_UNDECLARED_SELECTOR = YES;
				GCC_WARN_UNINITIALIZED_AUTOS = YES_AGGRESSIVE;
				GCC_WARN_UNUSED_FUNCTION = YES;
				GCC_WARN_UNUSED_VARIABLE = YES;
				IPHONEOS_DEPLOYMENT_TARGET = 17.4;
				LOCALIZATION_PREFERS_STRING_CATALOGS = YES;
				MTL_ENABLE_DEBUG_INFO = NO;
				MTL_FAST_MATH = YES;
				SDKROOT = iphoneos;
				SWIFT_COMPILATION_MODE = wholemodule;
				VALIDATE_PRODUCT = YES;
			};
			name = Release;
		};
		AE9187952FB0D6B500A79154 /* Debug */ = {
			isa = XCBuildConfiguration;
			baseConfigurationReference = B0F1000000000000000000G01 /* Secrets.xcconfig */;
			buildSettings = {
				ASSETCATALOG_COMPILER_APPICON_NAME = AppIcon;
				ASSETCATALOG_COMPILER_GLOBAL_ACCENT_COLOR_NAME = AccentColor;
				CODE_SIGN_STYLE = Automatic;
				CURRENT_PROJECT_VERSION = 1;
				DEVELOPMENT_ASSET_PATHS = "\"poby/Preview Content\"";
				DEVELOPMENT_TEAM = K9CY4X6X5A;
				ENABLE_PREVIEWS = YES;
				GENERATE_INFOPLIST_FILE = NO;
				INFOPLIST_FILE = poby/Info.plist;
				INFOPLIST_KEY_NSCameraUsageDescription = "사진 촬영과 가이드 오버레이 기능을 제공하기 위해 카메라 접근이 필요해요.";
				INFOPLIST_KEY_NSPhotoLibraryAddUsageDescription = "찍은 사진을 저장하기 위해 사진 라이브러리 권한이 필요해요.";
				INFOPLIST_KEY_NSPhotoLibraryUsageDescription = "기존 사진을 가이드로 등록하기 위해 사진 라이브러리 권한이 필요해요.";
				INFOPLIST_KEY_UIAppFonts = "Pretendard-Regular.otf Pretendard-Medium.otf Pretendard-SemiBold.otf Pretendard-Bold.otf Pretendard-ExtraBold.otf";
				INFOPLIST_KEY_UIApplicationSceneManifest_Generation = YES;
				INFOPLIST_KEY_UIApplicationSupportsIndirectInputEvents = YES;
				INFOPLIST_KEY_UILaunchScreen_Generation = YES;
				INFOPLIST_KEY_UISupportedInterfaceOrientations_iPad = "UIInterfaceOrientationPortrait UIInterfaceOrientationPortraitUpsideDown UIInterfaceOrientationLandscapeLeft UIInterfaceOrientationLandscapeRight";
				INFOPLIST_KEY_UISupportedInterfaceOrientations_iPhone = "UIInterfaceOrientationPortrait UIInterfaceOrientationLandscapeLeft UIInterfaceOrientationLandscapeRight";
				LD_RUNPATH_SEARCH_PATHS = (
					"$(inherited)",
					"@executable_path/Frameworks",
				);
				MARKETING_VERSION = 1.0;
				PRODUCT_BUNDLE_IDENTIFIER = com.poseby.poby;
				PRODUCT_NAME = "$(TARGET_NAME)";
				SUPPORTED_PLATFORMS = "iphoneos iphonesimulator";
				SUPPORTS_MACCATALYST = NO;
				SUPPORTS_MAC_DESIGNED_FOR_IPHONE_IPAD = NO;
				SUPPORTS_XR_DESIGNED_FOR_IPHONE_IPAD = NO;
				SWIFT_EMIT_LOC_STRINGS = YES;
				SWIFT_VERSION = 5.0;
				TARGETED_DEVICE_FAMILY = 1;
			};
			name = Debug;
		};
		AE9187962FB0D6B500A79154 /* Release */ = {
			isa = XCBuildConfiguration;
			baseConfigurationReference = B0F1000000000000000000G01 /* Secrets.xcconfig */;
			buildSettings = {
				ASSETCATALOG_COMPILER_APPICON_NAME = AppIcon;
				ASSETCATALOG_COMPILER_GLOBAL_ACCENT_COLOR_NAME = AccentColor;
				CODE_SIGN_STYLE = Automatic;
				CURRENT_PROJECT_VERSION = 1;
				DEVELOPMENT_ASSET_PATHS = "\"poby/Preview Content\"";
				DEVELOPMENT_TEAM = K9CY4X6X5A;
				ENABLE_PREVIEWS = YES;
				GENERATE_INFOPLIST_FILE = NO;
				INFOPLIST_FILE = poby/Info.plist;
				INFOPLIST_KEY_NSCameraUsageDescription = "사진 촬영과 가이드 오버레이 기능을 제공하기 위해 카메라 접근이 필요해요.";
				INFOPLIST_KEY_NSPhotoLibraryAddUsageDescription = "찍은 사진을 저장하기 위해 사진 라이브러리 권한이 필요해요.";
				INFOPLIST_KEY_NSPhotoLibraryUsageDescription = "기존 사진을 가이드로 등록하기 위해 사진 라이브러리 권한이 필요해요.";
				INFOPLIST_KEY_UIAppFonts = "Pretendard-Regular.otf Pretendard-Medium.otf Pretendard-SemiBold.otf Pretendard-Bold.otf Pretendard-ExtraBold.otf";
				INFOPLIST_KEY_UIApplicationSceneManifest_Generation = YES;
				INFOPLIST_KEY_UIApplicationSupportsIndirectInputEvents = YES;
				INFOPLIST_KEY_UILaunchScreen_Generation = YES;
				INFOPLIST_KEY_UISupportedInterfaceOrientations_iPad = "UIInterfaceOrientationPortrait UIInterfaceOrientationPortraitUpsideDown UIInterfaceOrientationLandscapeLeft UIInterfaceOrientationLandscapeRight";
				INFOPLIST_KEY_UISupportedInterfaceOrientations_iPhone = "UIInterfaceOrientationPortrait UIInterfaceOrientationLandscapeLeft UIInterfaceOrientationLandscapeRight";
				LD_RUNPATH_SEARCH_PATHS = (
					"$(inherited)",
					"@executable_path/Frameworks",
				);
				MARKETING_VERSION = 1.0;
				PRODUCT_BUNDLE_IDENTIFIER = com.poseby.poby;
				PRODUCT_NAME = "$(TARGET_NAME)";
				SUPPORTED_PLATFORMS = "iphoneos iphonesimulator";
				SUPPORTS_MACCATALYST = NO;
				SUPPORTS_MAC_DESIGNED_FOR_IPHONE_IPAD = NO;
				SUPPORTS_XR_DESIGNED_FOR_IPHONE_IPAD = NO;
				SWIFT_EMIT_LOC_STRINGS = YES;
				SWIFT_VERSION = 5.0;
				TARGETED_DEVICE_FAMILY = 1;
			};
			name = Release;
		};
		AE9187982FB0D6B500A79154 /* Debug */ = {
			isa = XCBuildConfiguration;
			buildSettings = {
				ALWAYS_EMBED_SWIFT_STANDARD_LIBRARIES = YES;
				BUNDLE_LOADER = "$(TEST_HOST)";
				CODE_SIGN_STYLE = Automatic;
				CURRENT_PROJECT_VERSION = 1;
				GENERATE_INFOPLIST_FILE = YES;
				IPHONEOS_DEPLOYMENT_TARGET = 17.4;
				MARKETING_VERSION = 1.0;
				PRODUCT_BUNDLE_IDENTIFIER = com.poseby.pobyTests;
				PRODUCT_NAME = "$(TARGET_NAME)";
				SWIFT_EMIT_LOC_STRINGS = NO;
				SWIFT_VERSION = 5.0;
				TARGETED_DEVICE_FAMILY = "1,2";
				TEST_HOST = "$(BUILT_PRODUCTS_DIR)/poby.app/$(BUNDLE_EXECUTABLE_FOLDER_PATH)/poby";
			};
			name = Debug;
		};
		AE9187992FB0D6B500A79154 /* Release */ = {
			isa = XCBuildConfiguration;
			buildSettings = {
				ALWAYS_EMBED_SWIFT_STANDARD_LIBRARIES = YES;
				BUNDLE_LOADER = "$(TEST_HOST)";
				CODE_SIGN_STYLE = Automatic;
				CURRENT_PROJECT_VERSION = 1;
				GENERATE_INFOPLIST_FILE = YES;
				IPHONEOS_DEPLOYMENT_TARGET = 17.4;
				MARKETING_VERSION = 1.0;
				PRODUCT_BUNDLE_IDENTIFIER = com.poseby.pobyTests;
				PRODUCT_NAME = "$(TARGET_NAME)";
				SWIFT_EMIT_LOC_STRINGS = NO;
				SWIFT_VERSION = 5.0;
				TARGETED_DEVICE_FAMILY = "1,2";
				TEST_HOST = "$(BUILT_PRODUCTS_DIR)/poby.app/$(BUNDLE_EXECUTABLE_FOLDER_PATH)/poby";
			};
			name = Release;
		};
		AE91879B2FB0D6B500A79154 /* Debug */ = {
			isa = XCBuildConfiguration;
			buildSettings = {
				ALWAYS_EMBED_SWIFT_STANDARD_LIBRARIES = YES;
				CODE_SIGN_STYLE = Automatic;
				CURRENT_PROJECT_VERSION = 1;
				GENERATE_INFOPLIST_FILE = YES;
				MARKETING_VERSION = 1.0;
				PRODUCT_BUNDLE_IDENTIFIER = com.poseby.pobyUITests;
				PRODUCT_NAME = "$(TARGET_NAME)";
				SWIFT_EMIT_LOC_STRINGS = NO;
				SWIFT_VERSION = 5.0;
				TARGETED_DEVICE_FAMILY = "1,2";
				TEST_TARGET_NAME = poby;
			};
			name = Debug;
		};
		AE91879C2FB0D6B500A79154 /* Release */ = {
			isa = XCBuildConfiguration;
			buildSettings = {
				ALWAYS_EMBED_SWIFT_STANDARD_LIBRARIES = YES;
				CODE_SIGN_STYLE = Automatic;
				CURRENT_PROJECT_VERSION = 1;
				GENERATE_INFOPLIST_FILE = YES;
				MARKETING_VERSION = 1.0;
				PRODUCT_BUNDLE_IDENTIFIER = com.poseby.pobyUITests;
				PRODUCT_NAME = "$(TARGET_NAME)";
				SWIFT_EMIT_LOC_STRINGS = NO;
				SWIFT_VERSION = 5.0;
				TARGETED_DEVICE_FAMILY = "1,2";
				TEST_TARGET_NAME = poby;
			};
			name = Release;
		};
/* End XCBuildConfiguration section */

/* Begin XCConfigurationList section */
		AE91876B2FB0D6B300A79154 /* Build configuration list for PBXProject "poby" */ = {
			isa = XCConfigurationList;
			buildConfigurations = (
				AE9187922FB0D6B500A79154 /* Debug */,
				AE9187932FB0D6B500A79154 /* Release */,
			);
			defaultConfigurationIsVisible = 0;
			defaultConfigurationName = Release;
		};
		AE9187942FB0D6B500A79154 /* Build configuration list for PBXNativeTarget "poby" */ = {
			isa = XCConfigurationList;
			buildConfigurations = (
				AE9187952FB0D6B500A79154 /* Debug */,
				AE9187962FB0D6B500A79154 /* Release */,
			);
			defaultConfigurationIsVisible = 0;
			defaultConfigurationName = Release;
		};
		AE9187972FB0D6B500A79154 /* Build configuration list for PBXNativeTarget "pobyTests" */ = {
			isa = XCConfigurationList;
			buildConfigurations = (
				AE9187982FB0D6B500A79154 /* Debug */,
				AE9187992FB0D6B500A79154 /* Release */,
			);
			defaultConfigurationIsVisible = 0;
			defaultConfigurationName = Release;
		};
		AE91879A2FB0D6B500A79154 /* Build configuration list for PBXNativeTarget "pobyUITests" */ = {
			isa = XCConfigurationList;
			buildConfigurations = (
				AE91879B2FB0D6B500A79154 /* Debug */,
				AE91879C2FB0D6B500A79154 /* Release */,
			);
			defaultConfigurationIsVisible = 0;
			defaultConfigurationName = Release;
		};
/* End XCConfigurationList section */

/* Begin XCRemoteSwiftPackageReference section */
		B0P1000000000000000000P01 /* XCRemoteSwiftPackageReference "Amplitude-Swift" */ = {
			isa = XCRemoteSwiftPackageReference;
			repositoryURL = "https://github.com/amplitude/Amplitude-Swift.git";
			requirement = {
				kind = exactVersion;
				version = 1.8.1;
			};
		};
/* End XCRemoteSwiftPackageReference section */

/* Begin XCSwiftPackageProductDependency section */
		B0P1000000000000000000P02 /* AmplitudeSwift */ = {
			isa = XCSwiftPackageProductDependency;
			package = B0P1000000000000000000P01 /* XCRemoteSwiftPackageReference "Amplitude-Swift" */;
			productName = AmplitudeSwift;
		};
/* End XCSwiftPackageProductDependency section */
	};
	rootObject = AE9187682FB0D6B300A79154 /* Project object */;
}
